
Microsoft Visual Studio Solution File, Format Version 12.00
# Visual Studio 2013
VisualStudioVersion = 12.0.31101.0
MinimumVisualStudioVersion = 10.0.40219.1
Project("{FAE04EC0-301F-11D3-BF4B-00C04F79EFBC}") = "ClinicSystem", "ClinicSystem\ClinicSystem.csproj", "{C43278B4-31AD-451D-93BE-9A9AB19CFF7D}"
EndProject
Project("{FAE04EC0-301F-11D3-BF4B-00C04F79EFBC}") = "ClinicSystemDAO", "ClinicSystemDAO\ClinicSystemDAO.csproj", "{619B67CC-13FD-434A-875D-721606D4553C}"
EndProject
Project("{FAE04EC0-301F-11D3-BF4B-00C04F79EFBC}") = "ClinicSystemModels", "ClinicSystemModels\ClinicSystemModels.csproj", "{DB4B2030-19EA-4E5F-8477-7C1F43235717}"
EndProject
Global
	GlobalSection(SolutionConfigurationPlatforms) = preSolution
		Debug|Any CPU = Debug|Any CPU
		Release|Any CPU = Release|Any CPU
	EndGlobalSection
	GlobalSection(ProjectConfigurationPlatforms) = postSolution
		{C43278B4-31AD-451D-93BE-9A9AB19CFF7D}.Debug|Any CPU.ActiveCfg = Debug|Any CPU
		{C43278B4-31AD-451D-93BE-9A9AB19CFF7D}.Debug|Any CPU.Build.0 = Debug|Any CPU
		{C43278B4-31AD-451D-93BE-9A9AB19CFF7D}.Release|Any CPU.ActiveCfg = Release|Any CPU
		{C43278B4-31AD-451D-93BE-9A9AB19CFF7D}.Release|Any CPU.Build.0 = Release|Any CPU
		{619B67CC-13FD-434A-875D-721606D4553C}.Debug|Any CPU.ActiveCfg = Debug|Any CPU
		{619B67CC-13FD-434A-875D-721606D4553C}.Debug|Any CPU.Build.0 = Debug|Any CPU
		{619B67CC-13FD-434A-875D-721606D4553C}.Release|Any CPU.ActiveCfg = Release|Any CPU
		{619B67CC-13FD-434A-875D-721606D4553C}.Release|Any CPU.Build.0 = Release|Any CPU
		{DB4B2030-19EA-4E5F-8477-7C1F43235717}.Debug|Any CPU.ActiveCfg = Debug|Any CPU
		{DB4B2030-19EA-4E5F-8477-7C1F43235717}.Debug|Any CPU.Build.0 = Debug|Any CPU
		{DB4B2030-19EA-4E5F-8477-7C1F43235717}.Release|Any CPU.ActiveCfg = Release|Any CPU
		{DB4B2030-19EA-4E5F-8477-7C1F43235717}.Release|Any CPU.Build.0 = Release|Any CPU
	EndGlobalSection
	GlobalSection(SolutionProperties) = preSolution
		HideSolutionNode = FALSE
	EndGlobalSection
EndGlobal
